
Microsoft Visual Studio Solution File, Format Version 12.00
# Visual Studio 2013
VisualStudioVersion = 12.0.30723.0
MinimumVisualStudioVersion = 10.0.40219.1
Project("{FAE04EC0-301F-11D3-BF4B-00C04F79EFBC}") = "OpenPhotosynth.RichClient", "OpenPhotosynth.RichClient\OpenPhotosynth.RichClient.csproj", "{59EBA9EA-5FF9-4E6F-B51E-10075CAEBCF0}"
EndProject
Project("{FAE04EC0-301F-11D3-BF4B-00C04F79EFBC}") = "OpenPhotosynth.WebClient", "OpenPhotosynth.WebClient\OpenPhotosynth.WebClient.csproj", "{9291F259-BED0-40A1-BA26-329E43CE30CA}"
EndProject
Project("{FAE04EC0-301F-11D3-BF4B-00C04F79EFBC}") = "OpenPhotosynth.WebClient.Tests", "OpenPhotosynth.WebClient.Tests\OpenPhotosynth.WebClient.Tests.csproj", "{E952BA2C-3ECD-4DE0-950E-DE9602BED854}"
EndProject
Global
	GlobalSection(TeamFoundationVersionControl) = preSolution
		SccNumberOfProjects = 4
		SccEnterpriseProvider = {4CA58AB2-18FA-4F8D-95D4-32DDF27D184C}
		SccTeamFoundationServer = http://vstfipe:8080/tfs/bingmobile
		SccLocalPath0 = .
		SccProjectUniqueName1 = OpenPhotosynth.RichClient\\OpenPhotosynth.RichClient.csproj
		SccProjectName1 = OpenPhotosynth.RichClient
		SccLocalPath1 = OpenPhotosynth.RichClient
		SccProjectUniqueName2 = OpenPhotosynth.WebClient\\OpenPhotosynth.WebClient.csproj
		SccProjectName2 = OpenPhotosynth.WebClient
		SccLocalPath2 = OpenPhotosynth.WebClient
		SccProjectUniqueName3 = OpenPhotosynth.WebClient.Tests\\OpenPhotosynth.WebClient.Tests.csproj
		SccProjectName3 = OpenPhotosynth.WebClient.Tests
		SccLocalPath3 = OpenPhotosynth.WebClient.Tests
	EndGlobalSection
	GlobalSection(SolutionConfigurationPlatforms) = preSolution
		Debug|Any CPU = Debug|Any CPU
		Release|Any CPU = Release|Any CPU
	EndGlobalSection
	GlobalSection(ProjectConfigurationPlatforms) = postSolution
		{59EBA9EA-5FF9-4E6F-B51E-10075CAEBCF0}.Debug|Any CPU.ActiveCfg = Debug|Any CPU
		{59EBA9EA-5FF9-4E6F-B51E-10075CAEBCF0}.Debug|Any CPU.Build.0 = Debug|Any CPU
		{59EBA9EA-5FF9-4E6F-B51E-10075CAEBCF0}.Release|Any CPU.ActiveCfg = Release|Any CPU
		{59EBA9EA-5FF9-4E6F-B51E-10075CAEBCF0}.Release|Any CPU.Build.0 = Release|Any CPU
		{9291F259-BED0-40A1-BA26-329E43CE30CA}.Debug|Any CPU.ActiveCfg = Debug|Any CPU
		{9291F259-BED0-40A1-BA26-329E43CE30CA}.Debug|Any CPU.Build.0 = Debug|Any CPU
		{9291F259-BED0-40A1-BA26-329E43CE30CA}.Release|Any CPU.ActiveCfg = Release|Any CPU
		{9291F259-BED0-40A1-BA26-329E43CE30CA}.Release|Any CPU.Build.0 = Release|Any CPU
		{E952BA2C-3ECD-4DE0-950E-DE9602BED854}.Debug|Any CPU.ActiveCfg = Debug|Any CPU
		{E952BA2C-3ECD-4DE0-950E-DE9602BED854}.Debug|Any CPU.Build.0 = Debug|Any CPU
		{E952BA2C-3ECD-4DE0-950E-DE9602BED854}.Release|Any CPU.ActiveCfg = Release|Any CPU
		{E952BA2C-3ECD-4DE0-950E-DE9602BED854}.Release|Any CPU.Build.0 = Release|Any CPU
	EndGlobalSection
	GlobalSection(SolutionProperties) = preSolution
		HideSolutionNode = FALSE
	EndGlobalSection
EndGlobal
